
Microsoft Visual Studio Solution File, Format Version 12.00
# Visual Studio 15
Project("{FAE04EC0-301F-11D3-BF4B-00C04F79EFBC}") = "Adobe.Substance", "Adobe.Substance.csproj", "{B62F6E0D-FE03-DA59-F8FD-4C373B7A3E58}"
EndProject
Project("{FAE04EC0-301F-11D3-BF4B-00C04F79EFBC}") = "Assembly-CSharp", "Assembly-CSharp.csproj", "{5182CF1D-B92D-CE36-D6AF-BA5BBC489C3A}"
EndProject
Project("{FAE04EC0-301F-11D3-BF4B-00C04F79EFBC}") = "Adobe.Substance.Runtime", "Adobe.Substance.Runtime.csproj", "{63EB8CC9-AB57-2B09-2A79-EFFBD12D45AF}"
EndProject
Project("{FAE04EC0-301F-11D3-BF4B-00C04F79EFBC}") = "Adobe.SubstanceEditor", "Adobe.SubstanceEditor.csproj", "{BAF6E293-73F9-925E-5A63-3F6E4A8936B4}"
EndProject
Project("{FAE04EC0-301F-11D3-BF4B-00C04F79EFBC}") = "Adobe.Substance.Connector.Unity", "Adobe.Substance.Connector.Unity.csproj", "{8E109C9C-6D99-3626-AD13-F763653D8C8A}"
EndProject
Project("{FAE04EC0-301F-11D3-BF4B-00C04F79EFBC}") = "Adobe.Substance.Connector", "Adobe.Substance.Connector.csproj", "{4046434F-784A-4644-3EC4-B26445AF3C46}"
EndProject
Global
	GlobalSection(SolutionConfigurationPlatforms) = preSolution
		Debug|Any CPU = Debug|Any CPU
		Release|Any CPU = Release|Any CPU
	EndGlobalSection
	GlobalSection(ProjectConfigurationPlatforms) = postSolution
		{B62F6E0D-FE03-DA59-F8FD-4C373B7A3E58}.Debug|Any CPU.ActiveCfg = Debug|Any CPU
		{B62F6E0D-FE03-DA59-F8FD-4C373B7A3E58}.Debug|Any CPU.Build.0 = Debug|Any CPU
		{B62F6E0D-FE03-DA59-F8FD-4C373B7A3E58}.Release|Any CPU.ActiveCfg = Release|Any CPU
		{B62F6E0D-FE03-DA59-F8FD-4C373B7A3E58}.Release|Any CPU.Build.0 = Release|Any CPU
		{5182CF1D-B92D-CE36-D6AF-BA5BBC489C3A}.Debug|Any CPU.ActiveCfg = Debug|Any CPU
		{5182CF1D-B92D-CE36-D6AF-BA5BBC489C3A}.Debug|Any CPU.Build.0 = Debug|Any CPU
		{5182CF1D-B92D-CE36-D6AF-BA5BBC489C3A}.Release|Any CPU.ActiveCfg = Release|Any CPU
		{5182CF1D-B92D-CE36-D6AF-BA5BBC489C3A}.Release|Any CPU.Build.0 = Release|Any CPU
		{63EB8CC9-AB57-2B09-2A79-EFFBD12D45AF}.Debug|Any CPU.ActiveCfg = Debug|Any CPU
		{63EB8CC9-AB57-2B09-2A79-EFFBD12D45AF}.Debug|Any CPU.Build.0 = Debug|Any CPU
		{63EB8CC9-AB57-2B09-2A79-EFFBD12D45AF}.Release|Any CPU.ActiveCfg = Release|Any CPU
		{63EB8CC9-AB57-2B09-2A79-EFFBD12D45AF}.Release|Any CPU.Build.0 = Release|Any CPU
		{BAF6E293-73F9-925E-5A63-3F6E4A8936B4}.Debug|Any CPU.ActiveCfg = Debug|Any CPU
		{BAF6E293-73F9-925E-5A63-3F6E4A8936B4}.Debug|Any CPU.Build.0 = Debug|Any CPU
		{BAF6E293-73F9-925E-5A63-3F6E4A8936B4}.Release|Any CPU.ActiveCfg = Release|Any CPU
		{BAF6E293-73F9-925E-5A63-3F6E4A8936B4}.Release|Any CPU.Build.0 = Release|Any CPU
		{8E109C9C-6D99-3626-AD13-F763653D8C8A}.Debug|Any CPU.ActiveCfg = Debug|Any CPU
		{8E109C9C-6D99-3626-AD13-F763653D8C8A}.Debug|Any CPU.Build.0 = Debug|Any CPU
		{8E109C9C-6D99-3626-AD13-F763653D8C8A}.Release|Any CPU.ActiveCfg = Release|Any CPU
		{8E109C9C-6D99-3626-AD13-F763653D8C8A}.Release|Any CPU.Build.0 = Release|Any CPU
		{4046434F-784A-4644-3EC4-B26445AF3C46}.Debug|Any CPU.ActiveCfg = Debug|Any CPU
		{4046434F-784A-4644-3EC4-B26445AF3C46}.Debug|Any CPU.Build.0 = Debug|Any CPU
		{4046434F-784A-4644-3EC4-B26445AF3C46}.Release|Any CPU.ActiveCfg = Release|Any CPU
		{4046434F-784A-4644-3EC4-B26445AF3C46}.Release|Any CPU.Build.0 = Release|Any CPU
	EndGlobalSection
	GlobalSection(SolutionProperties) = preSolution
		HideSolutionNode = FALSE
	EndGlobalSection
EndGlobal
